
Microsoft Visual Studio Solution File, Format Version 12.00
# Visual Studio Version 17
VisualStudioVersion = 17.3.32819.101
MinimumVisualStudioVersion = 10.0.40219.1
Project("{9A19103F-16F7-4668-BE54-9A1E7A4F7556}") = "CRUDblazor.Server", "CRUDblazor\Server\CRUDblazor.Server.csproj", "{8002E9CB-D03C-445F-A58E-82A3AEBED325}"
EndProject
Project("{9A19103F-16F7-4668-BE54-9A1E7A4F7556}") = "CRUDblazor.Client", "CRUDblazor\Client\CRUDblazor.Client.csproj", "{EAD1F337-6208-4C67-8C08-BDC061C9D11A}"
EndProject
Project("{9A19103F-16F7-4668-BE54-9A1E7A4F7556}") = "CRUDblazor.Shared", "CRUDblazor\Shared\CRUDblazor.Shared.csproj", "{2584DCA9-8E9B-4459-B19C-AB92C7DFFAEA}"
EndProject
Global
	GlobalSection(SolutionConfigurationPlatforms) = preSolution
		Debug|Any CPU = Debug|Any CPU
		Release|Any CPU = Release|Any CPU
	EndGlobalSection
	GlobalSection(ProjectConfigurationPlatforms) = postSolution
		{8002E9CB-D03C-445F-A58E-82A3AEBED325}.Debug|Any CPU.ActiveCfg = Debug|Any CPU
		{8002E9CB-D03C-445F-A58E-82A3AEBED325}.Debug|Any CPU.Build.0 = Debug|Any CPU
		{8002E9CB-D03C-445F-A58E-82A3AEBED325}.Release|Any CPU.ActiveCfg = Release|Any CPU
		{8002E9CB-D03C-445F-A58E-82A3AEBED325}.Release|Any CPU.Build.0 = Release|Any CPU
		{EAD1F337-6208-4C67-8C08-BDC061C9D11A}.Debug|Any CPU.ActiveCfg = Debug|Any CPU
		{EAD1F337-6208-4C67-8C08-BDC061C9D11A}.Debug|Any CPU.Build.0 = Debug|Any CPU
		{EAD1F337-6208-4C67-8C08-BDC061C9D11A}.Release|Any CPU.ActiveCfg = Release|Any CPU
		{EAD1F337-6208-4C67-8C08-BDC061C9D11A}.Release|Any CPU.Build.0 = Release|Any CPU
		{2584DCA9-8E9B-4459-B19C-AB92C7DFFAEA}.Debug|Any CPU.ActiveCfg = Debug|Any CPU
		{2584DCA9-8E9B-4459-B19C-AB92C7DFFAEA}.Debug|Any CPU.Build.0 = Debug|Any CPU
		{2584DCA9-8E9B-4459-B19C-AB92C7DFFAEA}.Release|Any CPU.ActiveCfg = Release|Any CPU
		{2584DCA9-8E9B-4459-B19C-AB92C7DFFAEA}.Release|Any CPU.Build.0 = Release|Any CPU
	EndGlobalSection
	GlobalSection(SolutionProperties) = preSolution
		HideSolutionNode = FALSE
	EndGlobalSection
	GlobalSection(ExtensibilityGlobals) = postSolution
		SolutionGuid = {E08B6565-BDFC-4009-9240-D30919830A29}
	EndGlobalSection
EndGlobal
